
Microsoft Visual Studio Solution File, Format Version 12.00
# Visual Studio Version 17
VisualStudioVersion = 17.9.34607.119
MinimumVisualStudioVersion = 10.0.40219.1
Project("{9A19103F-16F7-4668-BE54-9A1E7A4F7556}") = "HSPS.Web.Common", "HSPS.Web.Common.csproj", "{7929C6B3-4ED1-4525-BDF1-6A779F319131}"
EndProject
Global
	GlobalSection(SolutionConfigurationPlatforms) = preSolution
		Debug|Any CPU = Debug|Any CPU
		Release|Any CPU = Release|Any CPU
	EndGlobalSection
	GlobalSection(ProjectConfigurationPlatforms) = postSolution
		{7929C6B3-4ED1-4525-BDF1-6A779F319131}.Debug|Any CPU.ActiveCfg = Debug|Any CPU
		{7929C6B3-4ED1-4525-BDF1-6A779F319131}.Debug|Any CPU.Build.0 = Debug|Any CPU
		{7929C6B3-4ED1-4525-BDF1-6A779F319131}.Release|Any CPU.ActiveCfg = Release|Any CPU
		{7929C6B3-4ED1-4525-BDF1-6A779F319131}.Release|Any CPU.Build.0 = Release|Any CPU
	EndGlobalSection
	GlobalSection(SolutionProperties) = preSolution
		HideSolutionNode = FALSE
	EndGlobalSection
	GlobalSection(ExtensibilityGlobals) = postSolution
		SolutionGuid = {107C5228-FD94-4E7D-AD94-CAD63746B27A}
	EndGlobalSection
EndGlobal
