
Microsoft Visual Studio Solution File, Format Version 12.00
# Visual Studio Version 17
VisualStudioVersion = 17.9.34607.119
MinimumVisualStudioVersion = 10.0.40219.1
Project("{9A19103F-16F7-4668-BE54-9A1E7A4F7556}") = "HSPS.Web.Extensions", "HSPS.Web.Extensions.csproj", "{E154DB79-2B83-4515-AB02-F1022FA81692}"
EndProject
Global
	GlobalSection(SolutionConfigurationPlatforms) = preSolution
		Debug|Any CPU = Debug|Any CPU
		Release|Any CPU = Release|Any CPU
	EndGlobalSection
	GlobalSection(ProjectConfigurationPlatforms) = postSolution
		{E154DB79-2B83-4515-AB02-F1022FA81692}.Debug|Any CPU.ActiveCfg = Debug|Any CPU
		{E154DB79-2B83-4515-AB02-F1022FA81692}.Debug|Any CPU.Build.0 = Debug|Any CPU
		{E154DB79-2B83-4515-AB02-F1022FA81692}.Release|Any CPU.ActiveCfg = Release|Any CPU
		{E154DB79-2B83-4515-AB02-F1022FA81692}.Release|Any CPU.Build.0 = Release|Any CPU
	EndGlobalSection
	GlobalSection(SolutionProperties) = preSolution
		HideSolutionNode = FALSE
	EndGlobalSection
	GlobalSection(ExtensibilityGlobals) = postSolution
		SolutionGuid = {7C3ECA4E-F1D5-4471-9A00-A90B77430F3E}
	EndGlobalSection
EndGlobal
